
Microsoft Visual Studio Solution File, Format Version 12.00
# Visual Studio Version 16
VisualStudioVersion = 16.0.29009.5
MinimumVisualStudioVersion = 10.0.40219.1
Project("{FAE04EC0-301F-11D3-BF4B-00C04F79EFBC}") = "SAReportsAddin", "SAReportsAddin.csproj", "{1F641684-2EA4-441E-A078-A8F3921C7628}"
EndProject
Global
	GlobalSection(SolutionConfigurationPlatforms) = preSolution
		Debug|Any CPU = Debug|Any CPU
		Release|Any CPU = Release|Any CPU
	EndGlobalSection
	GlobalSection(ProjectConfigurationPlatforms) = postSolution
		{1F641684-2EA4-441E-A078-A8F3921C7628}.Debug|Any CPU.ActiveCfg = Debug|Any CPU
		{1F641684-2EA4-441E-A078-A8F3921C7628}.Debug|Any CPU.Build.0 = Debug|Any CPU
		{1F641684-2EA4-441E-A078-A8F3921C7628}.Release|Any CPU.ActiveCfg = Release|Any CPU
		{1F641684-2EA4-441E-A078-A8F3921C7628}.Release|Any CPU.Build.0 = Release|Any CPU
	EndGlobalSection
	GlobalSection(SolutionProperties) = preSolution
		HideSolutionNode = FALSE
	EndGlobalSection
	GlobalSection(ExtensibilityGlobals) = postSolution
		SolutionGuid = {2C2C5F17-D141-4AC9-A789-E0750656D36C}
	EndGlobalSection
EndGlobal
